# THIS IS AN AUTOGENERATED FILE. DO NOT EDIT THIS FILE DIRECTLY.
# yarn lockfile v1


"@discordjs/collection@^0.2.1":
  version "0.2.1"
  resolved "https://registry.yarnpkg.com/@discordjs/collection/-/collection-0.2.1.tgz#ea4bc7b41b7b7b6daa82e439141222ec95c469b2"
  integrity sha512-vhxqzzM8gkomw0TYRF3tgx7SwElzUlXT/Aa41O7mOcyN6wIJfj5JmDWaO5XGKsGSsNx7F3i5oIlrucCCWV1Nog==

"@types/node@*":
  version "16.10.1"
  resolved "https://registry.yarnpkg.com/@types/node/-/node-16.10.1.tgz#f3647623199ca920960006b3dccf633ea905f243"
  integrity sha512-4/Z9DMPKFexZj/Gn3LylFgamNKHm4K3QDi0gz9B26Uk0c8izYf97B5fxfpspMNkWlFupblKM/nV8+NA9Ffvr+w==

"@types/node@^16.9.6":
  version "16.9.6"
  resolved "https://registry.yarnpkg.com/@types/node/-/node-16.9.6.tgz#040a64d7faf9e5d9e940357125f0963012e66f04"
  integrity sha512-YHUZhBOMTM3mjFkXVcK+WwAcYmyhe1wL4lfqNtzI0b3qAy7yuSetnM7QJazgE5PFmgVTNGiLOgRFfJMqW7XpSQ==

"@types/ramda@^0.27.45":
  version "0.27.45"
  resolved "https://registry.yarnpkg.com/@types/ramda/-/ramda-0.27.45.tgz#1d692736da8f8c199e10c751d4799cab03cd9acd"
  integrity sha512-WDH7bIuy+JQHzYx6jgo+ytSHco/J+DWaUfxXQ2eBjilxIj4rG0aqQNU56AtO5Tem9hmx8na2ouSAtn5Tz8RePQ==
  dependencies:
    ts-toolbelt "^6.15.1"

"@types/redis@^2.8.30":
  version "2.8.32"
  resolved "https://registry.yarnpkg.com/@types/redis/-/redis-2.8.32.tgz#1d3430219afbee10f8cfa389dad2571a05ecfb11"
  integrity sha512-7jkMKxcGq9p242exlbsVzuJb57KqHRhNl4dHoQu2Y5v9bCAbtIXXH0R3HleSQW4CTOqpHIYUW3t6tpUj4BVQ+w==
  dependencies:
    "@types/node" "*"

denque@^1.5.0:
  version "1.5.1"
  resolved "https://registry.yarnpkg.com/denque/-/denque-1.5.1.tgz#07f670e29c9a78f8faecb2566a1e2c11929c5cbf"
  integrity sha512-XwE+iZ4D6ZUB7mfYRMb5wByE8L74HCn30FBN7sWnXksWc1LO1bPDl67pBR9o/kC4z/xSNAwkMYcGgqDV3BE3Hw==

eris@^0.15.1:
  version "0.15.1"
  resolved "https://registry.yarnpkg.com/eris/-/eris-0.15.1.tgz#6b44e6d4675c271def7484725a0edede9e798960"
  integrity sha512-IQ3BPW6OjgFoqjdh+irPOa1jFlkotk+WNu2GQQ7QAQfbzQEPZgn+F+hpOxfMUXPHOZMX4sPKLkVDkMHAssBYhw==
  dependencies:
    ws "^7.2.1"
  optionalDependencies:
    opusscript "^0.0.8"
    tweetnacl "^1.0.1"

eventemitter3@^4.0.7:
  version "4.0.7"
  resolved "https://registry.yarnpkg.com/eventemitter3/-/eventemitter3-4.0.7.tgz#2de9b68f6528d5644ef5c59526a1b4a07306169f"
  integrity sha512-8guHBZCwKnFhYdHr2ysuRWErTwhoN2X8XELRlrRwpmfeY2jjuUN4taQMsULKUVo1K4DvZl+0pgfyoysHxvmvEw==

handy-redis@^2.3.1:
  version "2.3.1"
  resolved "https://registry.yarnpkg.com/handy-redis/-/handy-redis-2.3.1.tgz#13469450730b74b14eab3e4a8aafcd65bb288392"
  integrity sha512-ilZYZ4l9+BSxavnjzSbI0yNpM8wfuEP8wAjsPAoL5ThfcCEswN7EpuSCJ4PfRpuGvxRRrivjSImbqpM9NkDB7w==
  dependencies:
    "@types/redis" "^2.8.30"

lodash.isequal@^4.5.0:
  version "4.5.0"
  resolved "https://registry.yarnpkg.com/lodash.isequal/-/lodash.isequal-4.5.0.tgz#415c4478f2bcc30120c22ce10ed3226f7d3e18e0"
  integrity sha1-QVxEePK8wwEgwizhDtMib30+GOA=

lodash.uniq@^4.5.0:
  version "4.5.0"
  resolved "https://registry.yarnpkg.com/lodash.uniq/-/lodash.uniq-4.5.0.tgz#d0225373aeb652adc1bc82e4945339a842754773"
  integrity sha1-0CJTc662Uq3BvILklFM5qEJ1R3M=

opusscript@^0.0.8:
  version "0.0.8"
  resolved "https://registry.yarnpkg.com/opusscript/-/opusscript-0.0.8.tgz#00b49e81281b4d99092d013b1812af8654bd0a87"
  integrity sha512-VSTi1aWFuCkRCVq+tx/BQ5q9fMnQ9pVZ3JU4UHKqTkf0ED3fKEPdr+gKAAl3IA2hj9rrP6iyq3hlcJq3HELtNQ==

ramda@^0.27.1:
  version "0.27.1"
  resolved "https://registry.yarnpkg.com/ramda/-/ramda-0.27.1.tgz#66fc2df3ef873874ffc2da6aa8984658abacf5c9"
  integrity sha512-PgIdVpn5y5Yns8vqb8FzBUEYn98V3xcPgawAkkgj0YJ0qDsnHCiNmZYfOGMgOvoB0eWFLpYbhxUR3mxfDIMvpw==

redis-commands@^1.7.0:
  version "1.7.0"
  resolved "https://registry.yarnpkg.com/redis-commands/-/redis-commands-1.7.0.tgz#15a6fea2d58281e27b1cd1acfb4b293e278c3a89"
  integrity sha512-nJWqw3bTFy21hX/CPKHth6sfhZbdiHP6bTawSgQBlKOVRG7EZkfHbbHwQJnrE4vsQf0CMNE+3gJ4Fmm16vdVlQ==

redis-errors@^1.0.0, redis-errors@^1.2.0:
  version "1.2.0"
  resolved "https://registry.yarnpkg.com/redis-errors/-/redis-errors-1.2.0.tgz#eb62d2adb15e4eaf4610c04afe1529384250abad"
  integrity sha1-62LSrbFeTq9GEMBK/hUpOEJQq60=

redis-parser@^3.0.0:
  version "3.0.0"
  resolved "https://registry.yarnpkg.com/redis-parser/-/redis-parser-3.0.0.tgz#b66d828cdcafe6b4b8a428a7def4c6bcac31c8b4"
  integrity sha1-tm2CjNyv5rS4pCin3vTGvKwxyLQ=
  dependencies:
    redis-errors "^1.0.0"

redis@^3.1.2:
  version "3.1.2"
  resolved "https://registry.yarnpkg.com/redis/-/redis-3.1.2.tgz#766851117e80653d23e0ed536254677ab647638c"
  integrity sha512-grn5KoZLr/qrRQVwoSkmzdbw6pwF+/rwODtrOr6vuBRiR/f3rjSTGupbF90Zpqm2oenix8Do6RV7pYEkGwlKkw==
  dependencies:
    denque "^1.5.0"
    redis-commands "^1.7.0"
    redis-errors "^1.2.0"
    redis-parser "^3.0.0"

require-all@^3.0.0:
  version "3.0.0"
  resolved "https://registry.yarnpkg.com/require-all/-/require-all-3.0.0.tgz#473d49704be310115ce124f77383b1ebd8671312"
  integrity sha1-Rz1JcEvjEBFc4ST3c4Ox69hnExI=

slash-create@^4.2.0:
  version "4.2.0"
  resolved "https://registry.yarnpkg.com/slash-create/-/slash-create-4.2.0.tgz#d17bff0874466b107f0dd6533b9eb14581ae088c"
  integrity sha512-6lT7fsRh6J0ye/YmPBzTGSw2m/KSueuRGfEOMkUBhYLroC1FaDsjFiIjUn8v7YUTpxtom3ayR8dHY2n/RRUPgw==
  dependencies:
    "@discordjs/collection" "^0.2.1"
    eventemitter3 "^4.0.7"
    lodash.isequal "^4.5.0"
    lodash.uniq "^4.5.0"
    require-all "^3.0.0"
    tweetnacl "^1.0.3"

tempura@^0.4.0:
  version "0.4.0"
  resolved "https://registry.yarnpkg.com/tempura/-/tempura-0.4.0.tgz#22eada78b24f796dc714d72e88c91f79960dc8ea"
  integrity sha512-ghCAK7t3Yuy40NUA/pmS1aDY8M5MfZT4+S465S8YvwwDdgk3jLm/5BGwtMG/rMICDYY8T7Owe1qm91ArBOKd6w==

ts-toolbelt@^6.15.1:
  version "6.15.5"
  resolved "https://registry.yarnpkg.com/ts-toolbelt/-/ts-toolbelt-6.15.5.tgz#cb3b43ed725cb63644782c64fbcad7d8f28c0a83"
  integrity sha512-FZIXf1ksVyLcfr7M317jbB67XFJhOO1YqdTcuGaq9q5jLUoTikukZ+98TPjKiP2jC5CgmYdWWYs0s2nLSU0/1A==

tweetnacl@^1.0.1, tweetnacl@^1.0.3:
  version "1.0.3"
  resolved "https://registry.yarnpkg.com/tweetnacl/-/tweetnacl-1.0.3.tgz#ac0af71680458d8a6378d0d0d050ab1407d35596"
  integrity sha512-6rt+RN7aOi1nGMyC4Xa5DdYiukl2UWCbcJft7YhxReBGQD7OAM8Pbxw6YMo4r2diNEA8FEmu32YOn9rhaiE5yw==

typescript@^4.4.3:
  version "4.4.3"
  resolved "https://registry.yarnpkg.com/typescript/-/typescript-4.4.3.tgz#bdc5407caa2b109efd4f82fe130656f977a29324"
  integrity sha512-4xfscpisVgqqDfPaJo5vkd+Qd/ItkoagnHpufr+i2QCHBsNYp+G7UAoyFl8aPtx879u38wPV65rZ8qbGZijalA==

ws@^7.2.1:
  version "7.5.5"
  resolved "https://registry.yarnpkg.com/ws/-/ws-7.5.5.tgz#8b4bc4af518cfabd0473ae4f99144287b33eb881"
  integrity sha512-BAkMFcAzl8as1G/hArkxOxq3G7pjUqQ3gzYbLL0/5zNkph70e+lCoxBGnm6AW1+/aiNeV4fnKqZ8m4GZewmH2w==
